dependencies:
- name: clickhouse
  repository: https://sentry-kubernetes.github.io/charts
  version: 3.1.2
- name: postgresql
  repository: https://charts.bitnami.com/bitnami
  version: 11.2.5
digest: sha256:43c41a0a371778a8704ab84980eaa8908795ab12ce3fe8b4b14c90ecbc812890
generated: "2022-05-21T02:05:11.221578167Z"
