dependencies:
- name: clickhouse
  repository: https://sentry-kubernetes.github.io/charts
  version: 3.1.3
- name: postgresql
  repository: https://charts.bitnami.com/bitnami
  version: 11.7.6
digest: sha256:8291ac0fef3a134671e5034141d885292f5e3e81078555de3865d2da49dc402f
generated: "2022-08-22T02:05:41.043750544Z"
