dependencies:
- name: clickhouse
  repository: https://sentry-kubernetes.github.io/charts
  version: 3.2.1
- name: postgresql
  repository: https://charts.bitnami.com/bitnami
  version: 12.2.6
digest: sha256:607969f38f678dabcf891a3dcb7e0e816a7ade9b4b5334a4367b0a3dc125c751
generated: "2023-03-25T02:08:31.129052679Z"
